
Microsoft Visual Studio Solution File, Format Version 12.00
# Visual Studio 15
VisualStudioVersion = 15.0.26730.15
MinimumVisualStudioVersion = 10.0.40219.1
Project("{8BC9CEB8-8B4A-11D0-8D11-00A0C91BC942}") = "Lab-0303", "Lab-0303\Lab-0303.vcxproj", "{9BE460B9-60B8-49D5-A265-06CC45E15649}"
EndProject
Global
	GlobalSection(SolutionConfigurationPlatforms) = preSolution
		Debug|x64 = Debug|x64
		Debug|x86 = Debug|x86
		Release|x64 = Release|x64
		Release|x86 = Release|x86
	EndGlobalSection
	GlobalSection(ProjectConfigurationPlatforms) = postSolution
		{9BE460B9-60B8-49D5-A265-06CC45E15649}.Debug|x64.ActiveCfg = Debug|x64
		{9BE460B9-60B8-49D5-A265-06CC45E15649}.Debug|x64.Build.0 = Debug|x64
		{9BE460B9-60B8-49D5-A265-06CC45E15649}.Debug|x86.ActiveCfg = Debug|Win32
		{9BE460B9-60B8-49D5-A265-06CC45E15649}.Debug|x86.Build.0 = Debug|Win32
		{9BE460B9-60B8-49D5-A265-06CC45E15649}.Release|x64.ActiveCfg = Release|x64
		{9BE460B9-60B8-49D5-A265-06CC45E15649}.Release|x64.Build.0 = Release|x64
		{9BE460B9-60B8-49D5-A265-06CC45E15649}.Release|x86.ActiveCfg = Release|Win32
		{9BE460B9-60B8-49D5-A265-06CC45E15649}.Release|x86.Build.0 = Release|Win32
	EndGlobalSection
	GlobalSection(SolutionProperties) = preSolution
		HideSolutionNode = FALSE
	EndGlobalSection
	GlobalSection(ExtensibilityGlobals) = postSolution
		SolutionGuid = {1029A693-31C0-4E81-A172-361166BD85FA}
	EndGlobalSection
EndGlobal
